
Microsoft Visual Studio Solution File, Format Version 12.00
# Visual Studio Version 17
VisualStudioVersion = 17.7.34018.315
MinimumVisualStudioVersion = 10.0.40219.1
Project("{FAE04EC0-301F-11D3-BF4B-00C04F79EFBC}") = "U4-W2-D3-1", "U4-W2-D3-1\U4-W2-D3-1.csproj", "{A9CFE481-4448-4CD4-8792-496EBAA093C5}"
EndProject
Global
	GlobalSection(SolutionConfigurationPlatforms) = preSolution
		Debug|Any CPU = Debug|Any CPU
		Release|Any CPU = Release|Any CPU
	EndGlobalSection
	GlobalSection(ProjectConfigurationPlatforms) = postSolution
		{A9CFE481-4448-4CD4-8792-496EBAA093C5}.Debug|Any CPU.ActiveCfg = Debug|Any CPU
		{A9CFE481-4448-4CD4-8792-496EBAA093C5}.Debug|Any CPU.Build.0 = Debug|Any CPU
		{A9CFE481-4448-4CD4-8792-496EBAA093C5}.Release|Any CPU.ActiveCfg = Release|Any CPU
		{A9CFE481-4448-4CD4-8792-496EBAA093C5}.Release|Any CPU.Build.0 = Release|Any CPU
	EndGlobalSection
	GlobalSection(SolutionProperties) = preSolution
		HideSolutionNode = FALSE
	EndGlobalSection
	GlobalSection(ExtensibilityGlobals) = postSolution
		SolutionGuid = {2B617C17-7B31-420E-A264-12E46D21B405}
	EndGlobalSection
EndGlobal
